
Microsoft Visual Studio Solution File, Format Version 10.00
# Visual Studio 2008
Project("{D183A3D8-5FD8-494B-B014-37F57B35E655}") = "DatosAbiertos", "DatosAbiertos\DatosAbiertos.dtproj", "{0AD8A5EF-E45B-4058-8690-1824C3F91B4D}"
EndProject
Global
	GlobalSection(SolutionConfigurationPlatforms) = preSolution
		Development|Default = Development|Default
	EndGlobalSection
	GlobalSection(ProjectConfigurationPlatforms) = postSolution
		{0AD8A5EF-E45B-4058-8690-1824C3F91B4D}.Development|Default.ActiveCfg = Development
		{0AD8A5EF-E45B-4058-8690-1824C3F91B4D}.Development|Default.Build.0 = Development
	EndGlobalSection
	GlobalSection(SolutionProperties) = preSolution
		HideSolutionNode = FALSE
	EndGlobalSection
EndGlobal
